Microsoft Visual Studio Solution File, Format Version 12.00
# Visual Studio 15
VisualStudioVersion = 15.0.26124.0
MinimumVisualStudioVersion = 15.0.26124.0
Project("{2150E333-8FDC-42A3-9474-1A3956D46DE8}") = "src", "src", "{E4A50473-9F79-4528-99C8-6932F56E99C3}"
EndProject
Project("{2150E333-8FDC-42A3-9474-1A3956D46DE8}") = "tests", "tests", "{9C466679-7A51-4645-BEE4-B77F8C5D640C}"
EndProject
Project("{9A19103F-16F7-4668-BE54-9A1E7A4F7556}") = "CodeGenerator", "examples\CodeGenerator\CodeGenerator.csproj", "{A63E7088-6211-4601-A71E-AD408105D2F3}"
EndProject
Project("{2150E333-8FDC-42A3-9474-1A3956D46DE8}") = "examples", "examples", "{361CE900-EA34-4282-8A03-78682EDB4F9C}"
EndProject
Project("{9A19103F-16F7-4668-BE54-9A1E7A4F7556}") = "Mustache", "src\KLab\Mustache\Mustache.csproj", "{0D5A1C1B-A29C-464E-9FF9-A0A373A8334B}"
EndProject
Project("{9A19103F-16F7-4668-BE54-9A1E7A4F7556}") = "CodeGenerationUtilities", "src\KLab\CodeGenerationUtilities\CodeGenerationUtilities.csproj", "{BF9482B3-2616-4CD4-8D7C-5840752D1A60}"
EndProject
Project("{9A19103F-16F7-4668-BE54-9A1E7A4F7556}") = "MustacheTest", "tests\MustacheTest\MustacheTest.csproj", "{2965BDD2-563E-4BCD-96DD-FF345FFB641E}"
EndProject
Global
	GlobalSection(SolutionConfigurationPlatforms) = preSolution
		Debug|Any CPU = Debug|Any CPU
		Debug|x64 = Debug|x64
		Debug|x86 = Debug|x86
		Release|Any CPU = Release|Any CPU
		Release|x64 = Release|x64
		Release|x86 = Release|x86
	EndGlobalSection
	GlobalSection(ProjectConfigurationPlatforms) = postSolution
		{A63E7088-6211-4601-A71E-AD408105D2F3}.Debug|Any CPU.ActiveCfg = Debug|Any CPU
		{A63E7088-6211-4601-A71E-AD408105D2F3}.Debug|Any CPU.Build.0 = Debug|Any CPU
		{A63E7088-6211-4601-A71E-AD408105D2F3}.Debug|x64.ActiveCfg = Debug|Any CPU
		{A63E7088-6211-4601-A71E-AD408105D2F3}.Debug|x64.Build.0 = Debug|Any CPU
		{A63E7088-6211-4601-A71E-AD408105D2F3}.Debug|x86.ActiveCfg = Debug|Any CPU
		{A63E7088-6211-4601-A71E-AD408105D2F3}.Debug|x86.Build.0 = Debug|Any CPU
		{A63E7088-6211-4601-A71E-AD408105D2F3}.Release|Any CPU.ActiveCfg = Release|Any CPU
		{A63E7088-6211-4601-A71E-AD408105D2F3}.Release|Any CPU.Build.0 = Release|Any CPU
		{A63E7088-6211-4601-A71E-AD408105D2F3}.Release|x64.ActiveCfg = Release|Any CPU
		{A63E7088-6211-4601-A71E-AD408105D2F3}.Release|x64.Build.0 = Release|Any CPU
		{A63E7088-6211-4601-A71E-AD408105D2F3}.Release|x86.ActiveCfg = Release|Any CPU
		{A63E7088-6211-4601-A71E-AD408105D2F3}.Release|x86.Build.0 = Release|Any CPU
		{0D5A1C1B-A29C-464E-9FF9-A0A373A8334B}.Debug|Any CPU.ActiveCfg = Debug|Any CPU
		{0D5A1C1B-A29C-464E-9FF9-A0A373A8334B}.Debug|Any CPU.Build.0 = Debug|Any CPU
		{0D5A1C1B-A29C-464E-9FF9-A0A373A8334B}.Debug|x64.ActiveCfg = Debug|Any CPU
		{0D5A1C1B-A29C-464E-9FF9-A0A373A8334B}.Debug|x64.Build.0 = Debug|Any CPU
		{0D5A1C1B-A29C-464E-9FF9-A0A373A8334B}.Debug|x86.ActiveCfg = Debug|Any CPU
		{0D5A1C1B-A29C-464E-9FF9-A0A373A8334B}.Debug|x86.Build.0 = Debug|Any CPU
		{0D5A1C1B-A29C-464E-9FF9-A0A373A8334B}.Release|Any CPU.ActiveCfg = Release|Any CPU
		{0D5A1C1B-A29C-464E-9FF9-A0A373A8334B}.Release|Any CPU.Build.0 = Release|Any CPU
		{0D5A1C1B-A29C-464E-9FF9-A0A373A8334B}.Release|x64.ActiveCfg = Release|Any CPU
		{0D5A1C1B-A29C-464E-9FF9-A0A373A8334B}.Release|x64.Build.0 = Release|Any CPU
		{0D5A1C1B-A29C-464E-9FF9-A0A373A8334B}.Release|x86.ActiveCfg = Release|Any CPU
		{0D5A1C1B-A29C-464E-9FF9-A0A373A8334B}.Release|x86.Build.0 = Release|Any CPU
		{BF9482B3-2616-4CD4-8D7C-5840752D1A60}.Debug|Any CPU.ActiveCfg = Debug|Any CPU
		{BF9482B3-2616-4CD4-8D7C-5840752D1A60}.Debug|Any CPU.Build.0 = Debug|Any CPU
		{BF9482B3-2616-4CD4-8D7C-5840752D1A60}.Debug|x64.ActiveCfg = Debug|Any CPU
		{BF9482B3-2616-4CD4-8D7C-5840752D1A60}.Debug|x64.Build.0 = Debug|Any CPU
		{BF9482B3-2616-4CD4-8D7C-5840752D1A60}.Debug|x86.ActiveCfg = Debug|Any CPU
		{BF9482B3-2616-4CD4-8D7C-5840752D1A60}.Debug|x86.Build.0 = Debug|Any CPU
		{BF9482B3-2616-4CD4-8D7C-5840752D1A60}.Release|Any CPU.ActiveCfg = Release|Any CPU
		{BF9482B3-2616-4CD4-8D7C-5840752D1A60}.Release|Any CPU.Build.0 = Release|Any CPU
		{BF9482B3-2616-4CD4-8D7C-5840752D1A60}.Release|x64.ActiveCfg = Release|Any CPU
		{BF9482B3-2616-4CD4-8D7C-5840752D1A60}.Release|x64.Build.0 = Release|Any CPU
		{BF9482B3-2616-4CD4-8D7C-5840752D1A60}.Release|x86.ActiveCfg = Release|Any CPU
		{BF9482B3-2616-4CD4-8D7C-5840752D1A60}.Release|x86.Build.0 = Release|Any CPU
		{2965BDD2-563E-4BCD-96DD-FF345FFB641E}.Debug|Any CPU.ActiveCfg = Debug|Any CPU
		{2965BDD2-563E-4BCD-96DD-FF345FFB641E}.Debug|Any CPU.Build.0 = Debug|Any CPU
		{2965BDD2-563E-4BCD-96DD-FF345FFB641E}.Debug|x64.ActiveCfg = Debug|Any CPU
		{2965BDD2-563E-4BCD-96DD-FF345FFB641E}.Debug|x64.Build.0 = Debug|Any CPU
		{2965BDD2-563E-4BCD-96DD-FF345FFB641E}.Debug|x86.ActiveCfg = Debug|Any CPU
		{2965BDD2-563E-4BCD-96DD-FF345FFB641E}.Debug|x86.Build.0 = Debug|Any CPU
		{2965BDD2-563E-4BCD-96DD-FF345FFB641E}.Release|Any CPU.ActiveCfg = Release|Any CPU
		{2965BDD2-563E-4BCD-96DD-FF345FFB641E}.Release|Any CPU.Build.0 = Release|Any CPU
		{2965BDD2-563E-4BCD-96DD-FF345FFB641E}.Release|x64.ActiveCfg = Release|Any CPU
		{2965BDD2-563E-4BCD-96DD-FF345FFB641E}.Release|x64.Build.0 = Release|Any CPU
		{2965BDD2-563E-4BCD-96DD-FF345FFB641E}.Release|x86.ActiveCfg = Release|Any CPU
		{2965BDD2-563E-4BCD-96DD-FF345FFB641E}.Release|x86.Build.0 = Release|Any CPU
	EndGlobalSection
	GlobalSection(SolutionProperties) = preSolution
		HideSolutionNode = FALSE
	EndGlobalSection
	GlobalSection(NestedProjects) = preSolution
		{A63E7088-6211-4601-A71E-AD408105D2F3} = {361CE900-EA34-4282-8A03-78682EDB4F9C}
		{0D5A1C1B-A29C-464E-9FF9-A0A373A8334B} = {E4A50473-9F79-4528-99C8-6932F56E99C3}
		{BF9482B3-2616-4CD4-8D7C-5840752D1A60} = {E4A50473-9F79-4528-99C8-6932F56E99C3}
		{2965BDD2-563E-4BCD-96DD-FF345FFB641E} = {9C466679-7A51-4645-BEE4-B77F8C5D640C}
	EndGlobalSection
	GlobalSection(ExtensibilityGlobals) = postSolution
		SolutionGuid = {680BA1B3-3E12-4D79-82CC-69FBFF775A1D}
	EndGlobalSection
EndGlobal
