
Microsoft Visual Studio Solution File, Format Version 12.00
# Visual Studio 15
VisualStudioVersion = 15.0.26124.0
MinimumVisualStudioVersion = 15.0.26124.0
Project("{2150E333-8FDC-42A3-9474-1A3956D46DE8}") = "src", "src", "{E4A50473-9F79-4528-99C8-6932F56E99C3}"
EndProject
Project("{FAE04EC0-301F-11D3-BF4B-00C04F79EFBC}") = "Mustache", "src\Mustache\Mustache.csproj", "{B919A09A-2C0A-4482-B465-1C9F9111410E}"
EndProject
Project("{2150E333-8FDC-42A3-9474-1A3956D46DE8}") = "tests", "tests", "{9C466679-7A51-4645-BEE4-B77F8C5D640C}"
EndProject
Project("{FAE04EC0-301F-11D3-BF4B-00C04F79EFBC}") = "Mustache.Test", "tests\Mustache.Test\Mustache.Test.csproj", "{509369C3-571D-466A-A923-0A5B4BCAD036}"
EndProject
Global
	GlobalSection(SolutionConfigurationPlatforms) = preSolution
		Debug|Any CPU = Debug|Any CPU
		Debug|x64 = Debug|x64
		Debug|x86 = Debug|x86
		Release|Any CPU = Release|Any CPU
		Release|x64 = Release|x64
		Release|x86 = Release|x86
	EndGlobalSection
	GlobalSection(SolutionProperties) = preSolution
		HideSolutionNode = FALSE
	EndGlobalSection
	GlobalSection(ProjectConfigurationPlatforms) = postSolution
		{B919A09A-2C0A-4482-B465-1C9F9111410E}.Debug|Any CPU.ActiveCfg = Debug|Any CPU
		{B919A09A-2C0A-4482-B465-1C9F9111410E}.Debug|Any CPU.Build.0 = Debug|Any CPU
		{B919A09A-2C0A-4482-B465-1C9F9111410E}.Debug|x64.ActiveCfg = Debug|x64
		{B919A09A-2C0A-4482-B465-1C9F9111410E}.Debug|x64.Build.0 = Debug|x64
		{B919A09A-2C0A-4482-B465-1C9F9111410E}.Debug|x86.ActiveCfg = Debug|x86
		{B919A09A-2C0A-4482-B465-1C9F9111410E}.Debug|x86.Build.0 = Debug|x86
		{B919A09A-2C0A-4482-B465-1C9F9111410E}.Release|Any CPU.ActiveCfg = Release|Any CPU
		{B919A09A-2C0A-4482-B465-1C9F9111410E}.Release|Any CPU.Build.0 = Release|Any CPU
		{B919A09A-2C0A-4482-B465-1C9F9111410E}.Release|x64.ActiveCfg = Release|x64
		{B919A09A-2C0A-4482-B465-1C9F9111410E}.Release|x64.Build.0 = Release|x64
		{B919A09A-2C0A-4482-B465-1C9F9111410E}.Release|x86.ActiveCfg = Release|x86
		{B919A09A-2C0A-4482-B465-1C9F9111410E}.Release|x86.Build.0 = Release|x86
		{509369C3-571D-466A-A923-0A5B4BCAD036}.Debug|Any CPU.ActiveCfg = Debug|Any CPU
		{509369C3-571D-466A-A923-0A5B4BCAD036}.Debug|Any CPU.Build.0 = Debug|Any CPU
		{509369C3-571D-466A-A923-0A5B4BCAD036}.Debug|x64.ActiveCfg = Debug|x64
		{509369C3-571D-466A-A923-0A5B4BCAD036}.Debug|x64.Build.0 = Debug|x64
		{509369C3-571D-466A-A923-0A5B4BCAD036}.Debug|x86.ActiveCfg = Debug|x86
		{509369C3-571D-466A-A923-0A5B4BCAD036}.Debug|x86.Build.0 = Debug|x86
		{509369C3-571D-466A-A923-0A5B4BCAD036}.Release|Any CPU.ActiveCfg = Release|Any CPU
		{509369C3-571D-466A-A923-0A5B4BCAD036}.Release|Any CPU.Build.0 = Release|Any CPU
		{509369C3-571D-466A-A923-0A5B4BCAD036}.Release|x64.ActiveCfg = Release|x64
		{509369C3-571D-466A-A923-0A5B4BCAD036}.Release|x64.Build.0 = Release|x64
		{509369C3-571D-466A-A923-0A5B4BCAD036}.Release|x86.ActiveCfg = Release|x86
		{509369C3-571D-466A-A923-0A5B4BCAD036}.Release|x86.Build.0 = Release|x86
	EndGlobalSection
	GlobalSection(NestedProjects) = preSolution
		{B919A09A-2C0A-4482-B465-1C9F9111410E} = {E4A50473-9F79-4528-99C8-6932F56E99C3}
		{509369C3-571D-466A-A923-0A5B4BCAD036} = {9C466679-7A51-4645-BEE4-B77F8C5D640C}
	EndGlobalSection
EndGlobal
